
Microsoft Visual Studio Solution File, Format Version 12.00
# Visual Studio Version 16
VisualStudioVersion = 16.0.32413.511
MinimumVisualStudioVersion = 10.0.40219.1
Project("{9A19103F-16F7-4668-BE54-9A1E7A4F7556}") = "ConsoleChatApp", "EF_DataAccess\ConsoleChatApp.csproj", "{ADE7AAEC-81D7-4E5B-8721-B7C918BEFDB1}"
EndProject
Global
	GlobalSection(SolutionConfigurationPlatforms) = preSolution
		Debug|Any CPU = Debug|Any CPU
		Release|Any CPU = Release|Any CPU
	EndGlobalSection
	GlobalSection(ProjectConfigurationPlatforms) = postSolution
		{ADE7AAEC-81D7-4E5B-8721-B7C918BEFDB1}.Debug|Any CPU.ActiveCfg = Debug|Any CPU
		{ADE7AAEC-81D7-4E5B-8721-B7C918BEFDB1}.Debug|Any CPU.Build.0 = Debug|Any CPU
		{ADE7AAEC-81D7-4E5B-8721-B7C918BEFDB1}.Release|Any CPU.ActiveCfg = Release|Any CPU
		{ADE7AAEC-81D7-4E5B-8721-B7C918BEFDB1}.Release|Any CPU.Build.0 = Release|Any CPU
	EndGlobalSection
	GlobalSection(SolutionProperties) = preSolution
		HideSolutionNode = FALSE
	EndGlobalSection
	GlobalSection(ExtensibilityGlobals) = postSolution
		SolutionGuid = {F0ADECDD-E62D-4160-82A0-5FCAB8580D53}
	EndGlobalSection
EndGlobal
